{
    "_meta": {
        "hash": {
            "sha256": "d105ad8386280ef59f9a77756eed7c90aff2f604bbe1bec197635e3c454059b8"
        },
        "pipfile-spec": 6,
        "requires": {
            "python_version": "3.6"
        },
        "sources": [
            {
                "name": "pypi",
                "url": "https://pypi.org/simple",
                "verify_ssl": true
            }
        ]
    },
    "default": {
        "certifi": {
            "hashes": [
                "sha256:59b7658e26ca9c7339e00f8f4636cdfe59d34fa37b9b04f6f9e9926b3cece1a5",
                "sha256:b26104d6835d1f5e49452a26eb2ff87fe7090b89dfcaee5ea2212697e1e1d7ae"
            ],
            "version": "==2019.3.9"
        },
        "chardet": {
            "hashes": [
                "sha256:84ab92ed1c4d4f16916e05906b6b75a6c0fb5db821cc65e70cbd64a3e2a5eaae",
                "sha256:fc323ffcaeaed0e0a02bf4d117757b98aed530d9ed4531e3e15460124c106691"
            ],
            "version": "==3.0.4"
        },
        "cython": {
            "hashes": [
                "sha256:05bbcd36ff1698158295e4af59c0e49300119128c01e95111e44f23c4d786a19",
                "sha256:05c663128048340a7385a64f5d9665b71379ca93a5892a549f36e31e385c204d",
                "sha256:282dfbf3a3361f737b9cc1a845342a16f5cc08e36c1cc491b39e030194e6597e",
                "sha256:459889235236945cb6f05b94b7663026ee35f546aac0adb03615a6c8e0aff6e2",
                "sha256:6846264ab7c0f88dbf6ff09fd9aa7837d888f1a16634c5c8133e13b27d9deb53",
                "sha256:685d1ee8889fd4eee68c8a361ab7fa0e4e15d23ff78f4d80bc9ef5d09198c604",
                "sha256:68aa3c00ef1deccf4dd50f0201d47c268462978c12c42943bc33dc9dc816ac1b",
                "sha256:6bf997f82d95ddf453047bac31eb45a2b472047283aca3b616ff20034ae872c0",
                "sha256:6e2e3d356f4fa19cacbe90d2e8b1584177132e0a66a4c2acaa091323282d9219",
                "sha256:7eadb52ebcb0c76c5da80b4a1decd8840b94b797328fc44c3a0932d8451582cd",
                "sha256:8226f1eb9bd96bd4de2170591a2f9016d45e93c25403eddec9e3bbff020f13f1",
                "sha256:85b8fe9bf21f99e75ac29ab8251819e464e706937585e2c0828ab86026e53b4f",
                "sha256:a034c76e2a97ad2ac00274618929e27590287dc5621e619c546eb2266af5432e",
                "sha256:abc8ab512280beefee09b027aef568d0e169e35e7a631b24614e2df3b663e506",
                "sha256:d95af14f97ae3f705264f670169781c8bc503c4a9c78816b973a50073de1c271",
                "sha256:daad4f55e3c5080e5dcc4ef5148293f3f7aa5f4b29135f4a04fa8314c5e95986",
                "sha256:f2c53778c502b87bb921e7e4a9594f3d1d97a67d547ff294163173ee8ad3e5c7",
                "sha256:f50a20a8e8d3587bbf88f7e4e481f1a2ed0ee4b48e71f2e8bc0e317ab9a6bbf9"
            ],
            "index": "pypi",
            "version": "==0.28.6"
        },
        "docutils": {
            "hashes": [
                "sha256:02aec4bd92ab067f6ff27a38a38a41173bf01bed8f89157768c1573f53e474a6",
                "sha256:51e64ef2ebfb29cae1faa133b3710143496eca21c530f3f71424d77687764274",
                "sha256:7a4bd47eaf6596e1295ecb11361139febe29b084a87bf005bf899f9a42edc3c6"
            ],
            "version": "==0.14"
        },
        "idna": {
            "hashes": [
                "sha256:c357b3f628cf53ae2c4c05627ecc484553142ca23264e593d327bcde5e9c3407",
                "sha256:ea8b7f6188e6fa117537c3df7da9fc686d485087abf6ac197f9c46432f7e4a3c"
            ],
            "version": "==2.8"
        },
        "kivy": {
            "hashes": [
                "sha256:05985f3e16065a476293695cef39f0b8faa81353475692b8c60ca2530ba08175",
                "sha256:44a64f72182dd40aceef2041259359513dafeeecc0891d2d23056799d51babb0",
                "sha256:48a0d3edf8fbc9206ebb7abae8d7e2017c5d5f81cf6e76c2e5510193d607420e",
                "sha256:6bbeccc9c52a264fb53b7aaa344d865f054da09cc08e15b482754c2d4e3a5cfd",
                "sha256:7131a24e30b80f9b7b6e7a1c124f0b5002ef58de35856aff38762b216a4e77fb",
                "sha256:77cd45a1aee9061c7474020def1b7b31eb4665e5424c45c23a6a7e4f5afee6b9",
                "sha256:7ce9e88b75de47a3f1d52cbe6924c18cafc83fa102e54f6794d241746e93fdff",
                "sha256:8f912c0742c7f9582676106ae5a526c3f38bc01a196edd26186c74975b08fad0",
                "sha256:952d7483b4f29ebeabb612897cdfdcdd12c33f1bdb51fb0082d36dfcf543ec0b",
                "sha256:b0ec00fd3a6dbe56c31510151e8bb14f54390dbc31c5047d61aa90d069c5ec04",
                "sha256:c4ad43fb04c899be27baa5a6e382c79620fc3602213221cb97da2280f345b2d6",
                "sha256:cb6f052d69748a7db70970e5a8ee3d96506751fcfcc8bf979424fcd788473037",
                "sha256:d1113ee88eaff5127ecc05121570f1f2adec21d7f1699ef1c6c2bf4396e51578"
            ],
            "index": "pypi",
            "version": "==1.10.1"
        },
        "kivy-garden": {
            "hashes": [
                "sha256:c256f42788421273a08fbb0a228f0fb0e80dd86b629fb8c0920507f645be6c72"
            ],
            "version": "==0.1.4"
        },
        "pygments": {
            "hashes": [
                "sha256:5ffada19f6203563680669ee7f53b64dabbeb100eb51b61996085e99c03b284a",
                "sha256:e8218dd399a61674745138520d0d4cf2621d7e032439341bc3f647bff125818d"
            ],
            "version": "==2.3.1"
        },
        "requests": {
            "hashes": [
                "sha256:502a824f31acdacb3a35b6690b5fbf0bc41d63a24a45c4004352b0242707598e",
                "sha256:7bf2a778576d825600030a110f3c0e3e8edc51dfaafe1c146e39a2027784957b"
            ],
            "version": "==2.21.0"
        },
        "urllib3": {
            "hashes": [
                "sha256:61bf29cada3fc2fbefad4fdf059ea4bd1b4a86d2b6d15e1c7c0b582b9752fe39",
                "sha256:de9529817c93f27c8ccbfead6985011db27bd0ddfcdb2d86f3f663385c6a9c22"
            ],
            "version": "==1.24.1"
        }
    },
    "develop": {}
}
